{
  "version": 4,
  "terraform_version": "1.7.5",
  "serial": 21,
  "lineage": "606cea67-0f74-bc83-6501-b6b08c6a1ac3",
  "outputs": {},
  "resources": [
    {
      "mode": "managed",
      "type": "google_container_cluster",
      "name": "devops-k8s",
      "provider": "provider[\"registry.terraform.io/hashicorp/google\"]",
      "instances": [
        {
          "schema_version": 2,
          "attributes": {
            "addons_config": [
              {
                "cloudrun_config": [],
                "config_connector_config": [],
                "dns_cache_config": [],
                "gce_persistent_disk_csi_driver_config": [
                  {
                    "enabled": true
                  }
                ],
                "gcp_filestore_csi_driver_config": [],
                "gcs_fuse_csi_driver_config": [],
                "gke_backup_agent_config": [],
                "horizontal_pod_autoscaling": [],
                "http_load_balancing": [],
                "network_policy_config": [
                  {
                    "disabled": true
                  }
                ]
              }
            ],
            "allow_net_admin": null,
            "authenticator_groups_config": [],
            "binary_authorization": [
              {
                "enabled": false,
                "evaluation_mode": ""
              }
            ],
            "cluster_autoscaling": [
              {
                "auto_provisioning_defaults": [],
                "autoscaling_profile": "BALANCED",
                "enabled": false,
                "resource_limits": []
              }
            ],
            "cluster_ipv4_cidr": "10.36.0.0/14",
            "confidential_nodes": [],
            "cost_management_config": [],
            "database_encryption": [
              {
                "key_name": "",
                "state": "DECRYPTED"
              }
            ],
            "datapath_provider": "",
            "default_max_pods_per_node": 110,
            "default_snat_status": [
              {
                "disabled": false
              }
            ],
            "deletion_protection": true,
            "description": "",
            "dns_config": [],
            "enable_autopilot": false,
            "enable_intranode_visibility": false,
            "enable_k8s_beta_apis": [],
            "enable_kubernetes_alpha": false,
            "enable_l4_ilb_subsetting": false,
            "enable_legacy_abac": false,
            "enable_shielded_nodes": true,
            "enable_tpu": false,
            "endpoint": "35.198.70.176",
            "fleet": [],
            "gateway_api_config": [],
            "id": "projects/sportal365/locations/europe-west3-a/clusters/devops-k8s",
            "identity_service_config": [],
            "initial_node_count": 3,
            "ip_allocation_policy": [
              {
                "additional_pod_ranges_config": [],
                "cluster_ipv4_cidr_block": "10.36.0.0/14",
                "cluster_secondary_range_name": "gke-devops-k8s-pods-be675c4e",
                "pod_cidr_overprovision_config": [
                  {
                    "disabled": false
                  }
                ],
                "services_ipv4_cidr_block": "10.40.0.0/20",
                "services_secondary_range_name": "gke-devops-k8s-services-be675c4e",
                "stack_type": "IPV4"
              }
            ],
            "label_fingerprint": "a9dc16a7",
            "location": "europe-west3-a",
            "logging_config": [
              {
                "enable_components": [
                  "SYSTEM_COMPONENTS",
                  "WORKLOADS"
                ]
              }
            ],
            "logging_service": "logging.googleapis.com/kubernetes",
            "maintenance_policy": [],
            "master_auth": [
              {
                "client_certificate": "",
                "client_certificate_config": [
                  {
                    "issue_client_certificate": false
                  }
                ],
                "client_key": "",
                "cluster_ca_certificate": "LS0tLS1CRUdJTiBDRVJUSUZJQ0FURS0tLS0tCk1JSUVMVENDQXBXZ0F3SUJBZ0lSQUtIaFh3dlhjVEtOa1BTcTNCS3lLNDB3RFFZSktvWklodmNOQVFFTEJRQXcKTHpFdE1Dc0dBMVVFQXhNa1pqVmlOR0l5Tm1FdE4yTTJZeTAwTmpFNUxUazROall0TURaalkyRmtZVGxsTXpCbQpNQ0FYRFRJME1ETXhPREUzTVRFME4xb1lEekl3TlRRd016RXhNVGd4TVRRM1dqQXZNUzB3S3dZRFZRUURFeVJtCk5XSTBZakkyWVMwM1l6WmpMVFEyTVRrdE9UZzJOaTB3Tm1OallXUmhPV1V6TUdZd2dnR2lNQTBHQ1NxR1NJYjMKRFFFQkFRVUFBNElCandBd2dnR0tBb0lCZ1FES0dWMzBDMzRPdUZvaC9Xa3RONktGeFNha0R4bUIxQ2dwWVF1TwpVUUF1ZklQMExwTkVRMDNaeVVwTDZSZ0Z1WTUzcDdXY3NDa1ZPV0NnVERua0ZSVVNra2YzVmZJOC81My9oMjF6Cmt2YTZrVUl2Q0dwZXVsdmlvS0ZiSWdIVjQxL0V6RXRMQ2twdk81U3VDOHBMNmZuRzhqZVhNd2hvNGpZY0d5Z2IKdEJVbTlGYVljSnh1UFhPaE00MFVXU0QrVTlFS1V4ZGx1TXF3L21OUDVXR1FPY0VIQklYeUdCd1JKMjg2ZnI0Qwp3Z0Fnb29EMWUxNktKVnk5YkpDSGtCWWVLamlUYTVKR2JjKzVOblI0UGhMU2lhclZZTVJqelNWOWM3QXQwNTkwCnBqbjQxS3ZLam5OdlJRVzRNYU9saFdScXEyaEg4VktUZHlkVHNCdUhNcWlRKzkxRE9CNGtWdnozZURHV3pDd1IKRjlUQTRHRmYyR2E3anF1VTdiR0RTZ3dnMndHOUxNVXJwZE83VGMwNmR2NGhuN3p0REh0NVFlVU10WHRkaFRjaAp1SmMramRQa1Q1OWxVRHg2WStRVGlnQi83aXd2QzVwYXFSem1Ca3dQamswRVhUYU5CQk1HK0NTN2hmMU9DblMxCnRmZlVrVnFCcGwwT1ZEMDA5ekpwTm04N3pya0NBd0VBQWFOQ01FQXdEZ1lEVlIwUEFRSC9CQVFEQWdJRU1BOEcKQTFVZEV3RUIvd1FGTUFNQkFmOHdIUVlEVlIwT0JCWUVGSHB0bjRvdDRzb0dJbllxdm1jMHQyVTEvZmpQTUEwRwpDU3FHU0liM0RRRUJDd1VBQTRJQmdRQ2g1UlpsdzREckh2NWwvUERpczkxcTc0MjM5cWhGV21vSWdhM2dSTnRaCjNOd2l1TGlrdExOYjhmQjBDYzYvN0hTMEdFVVN1OFFpb1I0Qkp3eVV6MHpoQ0E4QXRnc2UwenZSb1VJd25iVzUKbzB5NGhxczNNdzFqVkxvdU1ZWkE0c2crOVJWRkV5TXlSRE5abTFjdW9uRzBFNEhTUzIzN2lrVTAvTEhXS0JrUApSSy9hdnJtb0g1VkJpOWZLTnRuQkJVcjV3NEtIWGJ0am5vdi9tUG44UC9WZ21ZWFN1NGRZL0JOWjB1WVZPbnZyCkQvL0huYVRHQm5tRlBZZVRQZ1F1S1RaQmkxZ2xHdk80Y1lYR2RVUTJIQ2NBM1lvSUF3bUVkcmlyZVBZN3VBeXkKWUpSSy9hMjhQZjQ4akhvUUNtZWlGWE5MWHdudDU3STkxWjJTYmRZeXp1Mm5oZ0JtcXVCNXRrandQNUU2VGYzQQpoM1Y4eGtCdVhhbDJXSzFNN3J1TUd5TWxFdUJ5cEdMU1l4WVBUWm5peDR6UitiR1hZZVRhSEdWeTRRN01pc0NGCkowZHltMEc4cXd0enlTeUZzQ1pDRnBmMDF1dzJUa1ZQelZxdGxsdHR1aGZzdnJrWnZCM2tZajUzS1piOHFHUDMKdHN3WWk1MGlEbkcrWXEyd3pFbzFGaVE9Ci0tLS0tRU5EIENFUlRJRklDQVRFLS0tLS0K"
              }
            ],
            "master_authorized_networks_config": [],
            "master_version": "1.27.8-gke.1067004",
            "mesh_certificates": [],
            "min_master_version": null,
            "monitoring_config": [
              {
                "advanced_datapath_observability_config": [
                  {
                    "enable_metrics": false,
                    "enable_relay": false,
                    "relay_mode": "DISABLED"
                  }
                ],
                "enable_components": [
                  "SYSTEM_COMPONENTS"
                ],
                "managed_prometheus": [
                  {
                    "enabled": true
                  }
                ]
              }
            ],
            "monitoring_service": "monitoring.googleapis.com/kubernetes",
            "name": "devops-k8s",
            "network": "projects/sportal365/global/networks/default",
            "network_policy": [
              {
                "enabled": false,
                "provider": "PROVIDER_UNSPECIFIED"
              }
            ],
            "networking_mode": "VPC_NATIVE",
            "node_config": [
              {
                "advanced_machine_features": [],
                "boot_disk_kms_key": "",
                "confidential_nodes": [],
                "disk_size_gb": 25,
                "disk_type": "pd-standard",
                "effective_taints": [],
                "enable_confidential_storage": false,
                "ephemeral_storage_local_ssd_config": [],
                "fast_socket": [],
                "gcfs_config": [],
                "guest_accelerator": [],
                "gvnic": [],
                "host_maintenance_policy": [],
                "image_type": "COS_CONTAINERD",
                "kubelet_config": [],
                "labels": {},
                "linux_node_config": [],
                "local_nvme_ssd_block_config": [],
                "local_ssd_count": 0,
                "logging_variant": "DEFAULT",
                "machine_type": "e2-medium",
                "metadata": {
                  "disable-legacy-endpoints": "true"
                },
                "min_cpu_platform": "",
                "node_group": "",
                "oauth_scopes": [
                  "https://www.googleapis.com/auth/cloud-platform"
                ],
                "preemptible": false,
                "reservation_affinity": [],
                "resource_labels": {},
                "resource_manager_tags": {},
                "service_account": "default",
                "shielded_instance_config": [
                  {
                    "enable_integrity_monitoring": true,
                    "enable_secure_boot": false
                  }
                ],
                "sole_tenant_config": [],
                "spot": false,
                "tags": [],
                "taint": [],
                "workload_metadata_config": []
              }
            ],
            "node_locations": [],
            "node_pool": [
              {
                "autoscaling": [],
                "initial_node_count": 3,
                "instance_group_urls": [
                  "https://www.googleapis.com/compute/v1/projects/sportal365/zones/europe-west3-a/instanceGroupManagers/gke-devops-k8s-default-pool-18326f25-grp"
                ],
                "managed_instance_group_urls": [
                  "https://www.googleapis.com/compute/v1/projects/sportal365/zones/europe-west3-a/instanceGroups/gke-devops-k8s-default-pool-18326f25-grp"
                ],
                "management": [
                  {
                    "auto_repair": true,
                    "auto_upgrade": true
                  }
                ],
                "max_pods_per_node": 110,
                "name": "default-pool",
                "name_prefix": "",
                "network_config": [
                  {
                    "create_pod_range": false,
                    "enable_private_nodes": false,
                    "network_performance_config": [],
                    "pod_cidr_overprovision_config": [],
                    "pod_ipv4_cidr_block": "10.36.0.0/14",
                    "pod_range": "gke-devops-k8s-pods-be675c4e"
                  }
                ],
                "node_config": [
                  {
                    "advanced_machine_features": [],
                    "boot_disk_kms_key": "",
                    "confidential_nodes": [],
                    "disk_size_gb": 25,
                    "disk_type": "pd-standard",
                    "effective_taints": [],
                    "enable_confidential_storage": false,
                    "ephemeral_storage_local_ssd_config": [],
                    "fast_socket": [],
                    "gcfs_config": [],
                    "guest_accelerator": [],
                    "gvnic": [],
                    "host_maintenance_policy": [],
                    "image_type": "COS_CONTAINERD",
                    "kubelet_config": [],
                    "labels": {},
                    "linux_node_config": [],
                    "local_nvme_ssd_block_config": [],
                    "local_ssd_count": 0,
                    "logging_variant": "DEFAULT",
                    "machine_type": "e2-medium",
                    "metadata": {
                      "disable-legacy-endpoints": "true"
                    },
                    "min_cpu_platform": "",
                    "node_group": "",
                    "oauth_scopes": [
                      "https://www.googleapis.com/auth/cloud-platform"
                    ],
                    "preemptible": false,
                    "reservation_affinity": [],
                    "resource_labels": {},
                    "resource_manager_tags": {},
                    "service_account": "default",
                    "shielded_instance_config": [
                      {
                        "enable_integrity_monitoring": true,
                        "enable_secure_boot": false
                      }
                    ],
                    "sole_tenant_config": [],
                    "spot": false,
                    "tags": [],
                    "taint": [],
                    "workload_metadata_config": []
                  }
                ],
                "node_count": 3,
                "node_locations": [
                  "europe-west3-a"
                ],
                "placement_policy": [],
                "upgrade_settings": [
                  {
                    "blue_green_settings": [],
                    "max_surge": 1,
                    "max_unavailable": 0,
                    "strategy": "SURGE"
                  }
                ],
                "version": "1.27.8-gke.1067004"
              }
            ],
            "node_pool_auto_config": [],
            "node_pool_defaults": [
              {
                "node_config_defaults": [
                  {
                    "logging_variant": "DEFAULT"
                  }
                ]
              }
            ],
            "node_version": "1.27.8-gke.1067004",
            "notification_config": [
              {
                "pubsub": [
                  {
                    "enabled": false,
                    "filter": [],
                    "topic": ""
                  }
                ]
              }
            ],
            "operation": null,
            "private_cluster_config": [
              {
                "enable_private_endpoint": false,
                "enable_private_nodes": false,
                "master_global_access_config": [
                  {
                    "enabled": false
                  }
                ],
                "master_ipv4_cidr_block": "",
                "peering_name": "",
                "private_endpoint": "10.156.0.8",
                "private_endpoint_subnetwork": "",
                "public_endpoint": "35.198.70.176"
              }
            ],
            "private_ipv6_google_access": "",
            "project": "sportal365",
            "release_channel": [
              {
                "channel": "REGULAR"
              }
            ],
            "remove_default_node_pool": null,
            "resource_labels": {},
            "resource_usage_export_config": [],
            "security_posture_config": [
              {
                "mode": "BASIC",
                "vulnerability_mode": "VULNERABILITY_MODE_UNSPECIFIED"
              }
            ],
            "self_link": "https://container.googleapis.com/v1/projects/sportal365/zones/europe-west3-a/clusters/devops-k8s",
            "service_external_ips_config": [
              {
                "enabled": false
              }
            ],
            "services_ipv4_cidr": "10.40.0.0/20",
            "subnetwork": "projects/sportal365/regions/europe-west3/subnetworks/default",
            "timeouts": {
              "create": "30m",
              "delete": null,
              "read": null,
              "update": "40m"
            },
            "tpu_ipv4_cidr_block": "",
            "vertical_pod_autoscaling": [],
            "workload_identity_config": []
          },
          "sensitive_attributes": [],
          "private": "eyJlMmJmYjczMC1lY2FhLTExZTYtOGY4OC0zNDM2M2JjN2M0YzAiOnsiY3JlYXRlIjoxODAwMDAwMDAwMDAwLCJkZWxldGUiOjI0MDAwMDAwMDAwMDAsInJlYWQiOjI0MDAwMDAwMDAwMDAsInVwZGF0ZSI6MjQwMDAwMDAwMDAwMH0sInNjaGVtYV92ZXJzaW9uIjoiMiJ9"
        }
      ]
    }
  ],
  "check_results": null
}
